// !$*UTF8*$!
{
	archiveVersion = 1;
	classes = {
	};
	objectVersion = 46;
	objects = {

/* Begin PBXBuildFile section */
		705718C1193D4528002760A8 /* buyicon.png in Resources */ = {isa = PBXBuildFile; fileRef = 705718C0193D4528002760A8 /* buyicon.png */; };
		705718C3193D45AF002760A8 /* sellicon.png in Resources */ = {isa = PBXBuildFile; fileRef = 705718C2193D45AF002760A8 /* sellicon.png */; };
		705718C5193D4638002760A8 /* profile.png in Resources */ = {isa = PBXBuildFile; fileRef = 705718C4193D4638002760A8 /* profile.png */; };
		705718C7193DFE01002760A8 /* alec.jpg in Resources */ = {isa = PBXBuildFile; fileRef = 705718C6193DFE01002760A8 /* alec.jpg */; };
		705718C9193E029C002760A8 /* balanced.jpg in Resources */ = {isa = PBXBuildFile; fileRef = 705718C8193E029C002760A8 /* balanced.jpg */; };
		705DB8C1193E067600274B50 /* sculpture2.jpg in Resources */ = {isa = PBXBuildFile; fileRef = 705DB8C0193E067600274B50 /* sculpture2.jpg */; };
		705DB8C3193E071100274B50 /* sculpture3.jpg in Resources */ = {isa = PBXBuildFile; fileRef = 705DB8C2193E071100274B50 /* sculpture3.jpg */; };
		705DB8C5193E1A2500274B50 /* knife set.jpg in Resources */ = {isa = PBXBuildFile; fileRef = 705DB8C4193E1A2500274B50 /* knife set.jpg */; };
		705DB8C7193E1A8000274B50 /* motorcycle.jpg in Resources */ = {isa = PBXBuildFile; fileRef = 705DB8C6193E1A8000274B50 /* motorcycle.jpg */; };
		70A139F8193F69B600240A07 /* SellTab.m in Sources */ = {isa = PBXBuildFile; fileRef = 70A139F7193F69B600240A07 /* SellTab.m */; };
		70F8740E1938D880008134F9 /* Foundation.framework in Frameworks */ = {isa = PBXBuildFile; fileRef = 70F8740D1938D880008134F9 /* Foundation.framework */; };
		70F874101938D880008134F9 /* CoreGraphics.framework in Frameworks */ = {isa = PBXBuildFile; fileRef = 70F8740F1938D880008134F9 /* CoreGraphics.framework */; };
		70F874121938D880008134F9 /* UIKit.framework in Frameworks */ = {isa = PBXBuildFile; fileRef = 70F874111938D880008134F9 /* UIKit.framework */; };
		70F874181938D880008134F9 /* InfoPlist.strings in Resources */ = {isa = PBXBuildFile; fileRef = 70F874161938D880008134F9 /* InfoPlist.strings */; };
		70F8741A1938D880008134F9 /* main.m in Sources */ = {isa = PBXBuildFile; fileRef = 70F874191938D880008134F9 /* main.m */; };
		70F8741E1938D880008134F9 /* AppDelegate.m in Sources */ = {isa = PBXBuildFile; fileRef = 70F8741D1938D880008134F9 /* AppDelegate.m */; };
		70F874211938D880008134F9 /* Main_iPhone.storyboard in Resources */ = {isa = PBXBuildFile; fileRef = 70F8741F1938D880008134F9 /* Main_iPhone.storyboard */; };
		70F874241938D880008134F9 /* Main_iPad.storyboard in Resources */ = {isa = PBXBuildFile; fileRef = 70F874221938D880008134F9 /* Main_iPad.storyboard */; };
		70F874271938D880008134F9 /* ViewController.m in Sources */ = {isa = PBXBuildFile; fileRef = 70F874261938D880008134F9 /* ViewController.m */; };
		70F874291938D880008134F9 /* Images.xcassets in Resources */ = {isa = PBXBuildFile; fileRef = 70F874281938D880008134F9 /* Images.xcassets */; };
		70F874301938D880008134F9 /* XCTest.framework in Frameworks */ = {isa = PBXBuildFile; fileRef = 70F8742F1938D880008134F9 /* XCTest.framework */; };
		70F874311938D880008134F9 /* Foundation.framework in Frameworks */ = {isa = PBXBuildFile; fileRef = 70F8740D1938D880008134F9 /* Foundation.framework */; };
		70F874321938D880008134F9 /* UIKit.framework in Frameworks */ = {isa = PBXBuildFile; fileRef = 70F874111938D880008134F9 /* UIKit.framework */; };
		70F8743A1938D880008134F9 /* InfoPlist.strings in Resources */ = {isa = PBXBuildFile; fileRef = 70F874381938D880008134F9 /* InfoPlist.strings */; };
		70F8743C1938D880008134F9 /* TestLoginScreen1Tests.m in Sources */ = {isa = PBXBuildFile; fileRef = 70F8743B1938D880008134F9 /* TestLoginScreen1Tests.m */; };
/* End PBXBuildFile section */

/* Begin PBXContainerItemProxy section */
		70F874331938D880008134F9 /* PBXContainerItemProxy */ = {
			isa = PBXContainerItemProxy;
			containerPortal = 70F874021938D880008134F9 /* Project object */;
			proxyType = 1;
			remoteGlobalIDString = 70F874091938D880008134F9;
			remoteInfo = TestLoginScreen1;
		};
/* End PBXContainerItemProxy section */

/* Begin PBXFileReference section */
		705718C0193D4528002760A8 /* buyicon.png */ = {isa = PBXFileReference; lastKnownFileType = image.png; name = buyicon.png; path = Images/buyicon.png; sourceTree = "<group>"; };
		705718C2193D45AF002760A8 /* sellicon.png */ = {isa = PBXFileReference; lastKnownFileType = image.png; name = sellicon.png; path = Images/sellicon.png; sourceTree = "<group>"; };
		705718C4193D4638002760A8 /* profile.png */ = {isa = PBXFileReference; lastKnownFileType = image.png; name = profile.png; path = Images/profile.png; sourceTree = "<group>"; };
		705718C6193DFE01002760A8 /* alec.jpg */ = {isa = PBXFileReference; lastKnownFileType = image.jpeg; name = alec.jpg; path = Images/alec.jpg; sourceTree = "<group>"; };
		705718C8193E029C002760A8 /* balanced.jpg */ = {isa = PBXFileReference; lastKnownFileType = image.jpeg; name = balanced.jpg; path = Images/balanced.jpg; sourceTree = "<group>"; };
		705DB8C0193E067600274B50 /* sculpture2.jpg */ = {isa = PBXFileReference; lastKnownFileType = image.jpeg; name = sculpture2.jpg; path = Images/sculpture2.jpg; sourceTree = "<group>"; };
		705DB8C2193E071100274B50 /* sculpture3.jpg */ = {isa = PBXFileReference; lastKnownFileType = image.jpeg; name = sculpture3.jpg; path = Images/sculpture3.jpg; sourceTree = "<group>"; };
		705DB8C4193E1A2500274B50 /* knife set.jpg */ = {isa = PBXFileReference; lastKnownFileType = image.jpeg; name = "knife set.jpg"; path = "Images/knife set.jpg"; sourceTree = "<group>"; };
		705DB8C6193E1A8000274B50 /* motorcycle.jpg */ = {isa = PBXFileReference; lastKnownFileType = image.jpeg; name = motorcycle.jpg; path = Images/motorcycle.jpg; sourceTree = "<group>"; };
		70A139F6193F69B600240A07 /* SellTab.h */ = {isa = PBXFileReference; fileEncoding = 4; lastKnownFileType = sourcecode.c.h; path = SellTab.h; sourceTree = "<group>"; };
		70A139F7193F69B600240A07 /* SellTab.m */ = {isa = PBXFileReference; fileEncoding = 4; lastKnownFileType = sourcecode.c.objc; path = SellTab.m; sourceTree = "<group>"; };
		70F8740A1938D880008134F9 /* TestLoginScreen1.app */ = {isa = PBXFileReference; explicitFileType = wrapper.application; includeInIndex = 0; path = TestLoginScreen1.app; sourceTree = BUILT_PRODUCTS_DIR; };
		70F8740D1938D880008134F9 /* Foundation.framework */ = {isa = PBXFileReference; lastKnownFileType = wrapper.framework; name = Foundation.framework; path = System/Library/Frameworks/Foundation.framework; sourceTree = SDKROOT; };
		70F8740F1938D880008134F9 /* CoreGraphics.framework */ = {isa = PBXFileReference; lastKnownFileType = wrapper.framework; name = CoreGraphics.framework; path = System/Library/Frameworks/CoreGraphics.framework; sourceTree = SDKROOT; };
		70F874111938D880008134F9 /* UIKit.framework */ = {isa = PBXFileReference; lastKnownFileType = wrapper.framework; name = UIKit.framework; path = System/Library/Frameworks/UIKit.framework; sourceTree = SDKROOT; };
		70F874151938D880008134F9 /* TestLoginScreen1-Info.plist */ = {isa = PBXFileReference; lastKnownFileType = text.plist.xml; path = "TestLoginScreen1-Info.plist"; sourceTree = "<group>"; };
		70F874171938D880008134F9 /* en */ = {isa = PBXFileReference; lastKnownFileType = text.plist.strings; name = en; path = en.lproj/InfoPlist.strings; sourceTree = "<group>"; };
		70F874191938D880008134F9 /* main.m */ = {isa = PBXFileReference; lastKnownFileType = sourcecode.c.objc; path = main.m; sourceTree = "<group>"; };
		70F8741B1938D880008134F9 /* TestLoginScreen1-Prefix.pch */ = {isa = PBXFileReference; lastKnownFileType = sourcecode.c.h; path = "TestLoginScreen1-Prefix.pch"; sourceTree = "<group>"; };
		70F8741C1938D880008134F9 /* AppDelegate.h */ = {isa = PBXFileReference; lastKnownFileType = sourcecode.c.h; path = AppDelegate.h; sourceTree = "<group>"; };
		70F8741D1938D880008134F9 /* AppDelegate.m */ = {isa = PBXFileReference; lastKnownFileType = sourcecode.c.objc; path = AppDelegate.m; sourceTree = "<group>"; };
		70F874201938D880008134F9 /* Base */ = {isa = PBXFileReference; lastKnownFileType = file.storyboard; name = Base; path = Base.lproj/Main_iPhone.storyboard; sourceTree = "<group>"; };
		70F874231938D880008134F9 /* Base */ = {isa = PBXFileReference; lastKnownFileType = file.storyboard; name = Base; path = Base.lproj/Main_iPad.storyboard; sourceTree = "<group>"; };
		70F874251938D880008134F9 /* ViewController.h */ = {isa = PBXFileReference; lastKnownFileType = sourcecode.c.h; path = ViewController.h; sourceTree = "<group>"; };
		70F874261938D880008134F9 /* ViewController.m */ = {isa = PBXFileReference; lastKnownFileType = sourcecode.c.objc; path = ViewController.m; sourceTree = "<group>"; };
		70F874281938D880008134F9 /* Images.xcassets */ = {isa = PBXFileReference; lastKnownFileType = folder.assetcatalog; path = Images.xcassets; sourceTree = "<group>"; };
		70F8742E1938D880008134F9 /* TestLoginScreen1Tests.xctest */ = {isa = PBXFileReference; explicitFileType = wrapper.cfbundle; includeInIndex = 0; path = TestLoginScreen1Tests.xctest; sourceTree = BUILT_PRODUCTS_DIR; };
		70F8742F1938D880008134F9 /* XCTest.framework */ = {isa = PBXFileReference; lastKnownFileType = wrapper.framework; name = XCTest.framework; path = Library/Frameworks/XCTest.framework; sourceTree = DEVELOPER_DIR; };
		70F874371938D880008134F9 /* TestLoginScreen1Tests-Info.plist */ = {isa = PBXFileReference; lastKnownFileType = text.plist.xml; path = "TestLoginScreen1Tests-Info.plist"; sourceTree = "<group>"; };
		70F874391938D880008134F9 /* en */ = {isa = PBXFileReference; lastKnownFileType = text.plist.strings; name = en; path = en.lproj/InfoPlist.strings; sourceTree = "<group>"; };
		70F8743B1938D880008134F9 /* TestLoginScreen1Tests.m */ = {isa = PBXFileReference; lastKnownFileType = sourcecode.c.objc; path = TestLoginScreen1Tests.m; sourceTree = "<group>"; };
/* End PBXFileReference section */

/* Begin PBXFrameworksBuildPhase section */
		70F874071938D880008134F9 /* Frameworks */ = {
			isa = PBXFrameworksBuildPhase;
			buildActionMask = 2147483647;
			files = (
				70F874101938D880008134F9 /* CoreGraphics.framework in Frameworks */,
				70F874121938D880008134F9 /* UIKit.framework in Frameworks */,
				70F8740E1938D880008134F9 /* Foundation.framework in Frameworks */,
			);
			runOnlyForDeploymentPostprocessing = 0;
		};
		70F8742B1938D880008134F9 /* Frameworks */ = {
			isa = PBXFrameworksBuildPhase;
			buildActionMask = 2147483647;
			files = (
				70F874301938D880008134F9 /* XCTest.framework in Frameworks */,
				70F874321938D880008134F9 /* UIKit.framework in Frameworks */,
				70F874311938D880008134F9 /* Foundation.framework in Frameworks */,
			);
			runOnlyForDeploymentPostprocessing = 0;
		};
/* End PBXFrameworksBuildPhase section */

/* Begin PBXGroup section */
		705718BF193D4472002760A8 /* Images */ = {
			isa = PBXGroup;
			children = (
				705DB8C6193E1A8000274B50 /* motorcycle.jpg */,
				705DB8C4193E1A2500274B50 /* knife set.jpg */,
				705DB8C2193E071100274B50 /* sculpture3.jpg */,
				705DB8C0193E067600274B50 /* sculpture2.jpg */,
				705718C8193E029C002760A8 /* balanced.jpg */,
				705718C6193DFE01002760A8 /* alec.jpg */,
				705718C4193D4638002760A8 /* profile.png */,
				705718C2193D45AF002760A8 /* sellicon.png */,
				705718C0193D4528002760A8 /* buyicon.png */,
			);
			name = Images;
			sourceTree = "<group>";
		};
		70F874011938D880008134F9 = {
			isa = PBXGroup;
			children = (
				70F874131938D880008134F9 /* TestLoginScreen1 */,
				70F874351938D880008134F9 /* TestLoginScreen1Tests */,
				70F8740C1938D880008134F9 /* Frameworks */,
				70F8740B1938D880008134F9 /* Products */,
			);
			sourceTree = "<group>";
		};
		70F8740B1938D880008134F9 /* Products */ = {
			isa = PBXGroup;
			children = (
				70F8740A1938D880008134F9 /* TestLoginScreen1.app */,
				70F8742E1938D880008134F9 /* TestLoginScreen1Tests.xctest */,
			);
			name = Products;
			sourceTree = "<group>";
		};
		70F8740C1938D880008134F9 /* Frameworks */ = {
			isa = PBXGroup;
			children = (
				70F8740D1938D880008134F9 /* Foundation.framework */,
				70F8740F1938D880008134F9 /* CoreGraphics.framework */,
				70F874111938D880008134F9 /* UIKit.framework */,
				70F8742F1938D880008134F9 /* XCTest.framework */,
			);
			name = Frameworks;
			sourceTree = "<group>";
		};
		70F874131938D880008134F9 /* TestLoginScreen1 */ = {
			isa = PBXGroup;
			children = (
				70F8741C1938D880008134F9 /* AppDelegate.h */,
				70F8741D1938D880008134F9 /* AppDelegate.m */,
				70F8741F1938D880008134F9 /* Main_iPhone.storyboard */,
				70F874221938D880008134F9 /* Main_iPad.storyboard */,
				70A139F6193F69B600240A07 /* SellTab.h */,
				70A139F7193F69B600240A07 /* SellTab.m */,
				70F874251938D880008134F9 /* ViewController.h */,
				70F874261938D880008134F9 /* ViewController.m */,
				70F874281938D880008134F9 /* Images.xcassets */,
				705718BF193D4472002760A8 /* Images */,
				70F874141938D880008134F9 /* Supporting Files */,
			);
			path = TestLoginScreen1;
			sourceTree = "<group>";
		};
		70F874141938D880008134F9 /* Supporting Files */ = {
			isa = PBXGroup;
			children = (
				70F874151938D880008134F9 /* TestLoginScreen1-Info.plist */,
				70F874161938D880008134F9 /* InfoPlist.strings */,
				70F874191938D880008134F9 /* main.m */,
				70F8741B1938D880008134F9 /* TestLoginScreen1-Prefix.pch */,
			);
			name = "Supporting Files";
			sourceTree = "<group>";
		};
		70F874351938D880008134F9 /* TestLoginScreen1Tests */ = {
			isa = PBXGroup;
			children = (
				70F8743B1938D880008134F9 /* TestLoginScreen1Tests.m */,
				70F874361938D880008134F9 /* Supporting Files */,
			);
			path = TestLoginScreen1Tests;
			sourceTree = "<group>";
		};
		70F874361938D880008134F9 /* Supporting Files */ = {
			isa = PBXGroup;
			children = (
				70F874371938D880008134F9 /* TestLoginScreen1Tests-Info.plist */,
				70F874381938D880008134F9 /* InfoPlist.strings */,
			);
			name = "Supporting Files";
			sourceTree = "<group>";
		};
/* End PBXGroup section */

/* Begin PBXNativeTarget section */
		70F874091938D880008134F9 /* TestLoginScreen1 */ = {
			isa = PBXNativeTarget;
			buildConfigurationList = 70F8743F1938D880008134F9 /* Build configuration list for PBXNativeTarget "TestLoginScreen1" */;
			buildPhases = (
				70F874061938D880008134F9 /* Sources */,
				70F874071938D880008134F9 /* Frameworks */,
				70F874081938D880008134F9 /* Resources */,
			);
			buildRules = (
			);
			dependencies = (
			);
			name = TestLoginScreen1;
			productName = TestLoginScreen1;
			productReference = 70F8740A1938D880008134F9 /* TestLoginScreen1.app */;
			productType = "com.apple.product-type.application";
		};
		70F8742D1938D880008134F9 /* TestLoginScreen1Tests */ = {
			isa = PBXNativeTarget;
			buildConfigurationList = 70F874421938D880008134F9 /* Build configuration list for PBXNativeTarget "TestLoginScreen1Tests" */;
			buildPhases = (
				70F8742A1938D880008134F9 /* Sources */,
				70F8742B1938D880008134F9 /* Frameworks */,
				70F8742C1938D880008134F9 /* Resources */,
			);
			buildRules = (
			);
			dependencies = (
				70F874341938D880008134F9 /* PBXTargetDependency */,
			);
			name = TestLoginScreen1Tests;
			productName = TestLoginScreen1Tests;
			productReference = 70F8742E1938D880008134F9 /* TestLoginScreen1Tests.xctest */;
			productType = "com.apple.product-type.bundle.unit-test";
		};
/* End PBXNativeTarget section */

/* Begin PBXProject section */
		70F874021938D880008134F9 /* Project object */ = {
			isa = PBXProject;
			attributes = {
				LastUpgradeCheck = 0510;
				ORGANIZATIONNAME = PW2014;
				TargetAttributes = {
					70F8742D1938D880008134F9 = {
						TestTargetID = 70F874091938D880008134F9;
					};
				};
			};
			buildConfigurationList = 70F874051938D880008134F9 /* Build configuration list for PBXProject "TestLoginScreen1" */;
			compatibilityVersion = "Xcode 3.2";
			developmentRegion = English;
			hasScannedForEncodings = 0;
			knownRegions = (
				en,
				Base,
			);
			mainGroup = 70F874011938D880008134F9;
			productRefGroup = 70F8740B1938D880008134F9 /* Products */;
			projectDirPath = "";
			projectRoot = "";
			targets = (
				70F874091938D880008134F9 /* TestLoginScreen1 */,
				70F8742D1938D880008134F9 /* TestLoginScreen1Tests */,
			);
		};
/* End PBXProject section */

/* Begin PBXResourcesBuildPhase section */
		70F874081938D880008134F9 /* Resources */ = {
			isa = PBXResourcesBuildPhase;
			buildActionMask = 2147483647;
			files = (
				705DB8C1193E067600274B50 /* sculpture2.jpg in Resources */,
				70F874241938D880008134F9 /* Main_iPad.storyboard in Resources */,
				705718C1193D4528002760A8 /* buyicon.png in Resources */,
				70F874291938D880008134F9 /* Images.xcassets in Resources */,
				705DB8C3193E071100274B50 /* sculpture3.jpg in Resources */,
				705DB8C5193E1A2500274B50 /* knife set.jpg in Resources */,
				70F874211938D880008134F9 /* Main_iPhone.storyboard in Resources */,
				705718C7193DFE01002760A8 /* alec.jpg in Resources */,
				705718C3193D45AF002760A8 /* sellicon.png in Resources */,
				705DB8C7193E1A8000274B50 /* motorcycle.jpg in Resources */,
				705718C9193E029C002760A8 /* balanced.jpg in Resources */,
				70F874181938D880008134F9 /* InfoPlist.strings in Resources */,
				705718C5193D4638002760A8 /* profile.png in Resources */,
			);
			runOnlyForDeploymentPostprocessing = 0;
		};
		70F8742C1938D880008134F9 /* Resources */ = {
			isa = PBXResourcesBuildPhase;
			buildActionMask = 2147483647;
			files = (
				70F8743A1938D880008134F9 /* InfoPlist.strings in Resources */,
			);
			runOnlyForDeploymentPostprocessing = 0;
		};
/* End PBXResourcesBuildPhase section */

/* Begin PBXSourcesBuildPhase section */
		70F874061938D880008134F9 /* Sources */ = {
			isa = PBXSourcesBuildPhase;
			buildActionMask = 2147483647;
			files = (
				70F874271938D880008134F9 /* ViewController.m in Sources */,
				70F8741E1938D880008134F9 /* AppDelegate.m in Sources */,
				70F8741A1938D880008134F9 /* main.m in Sources */,
				70A139F8193F69B600240A07 /* SellTab.m in Sources */,
			);
			runOnlyForDeploymentPostprocessing = 0;
		};
		70F8742A1938D880008134F9 /* Sources */ = {
			isa = PBXSourcesBuildPhase;
			buildActionMask = 2147483647;
			files = (
				70F8743C1938D880008134F9 /* TestLoginScreen1Tests.m in Sources */,
			);
			runOnlyForDeploymentPostprocessing = 0;
		};
/* End PBXSourcesBuildPhase section */

/* Begin PBXTargetDependency section */
		70F874341938D880008134F9 /* PBXTargetDependency */ = {
			isa = PBXTargetDependency;
			target = 70F874091938D880008134F9 /* TestLoginScreen1 */;
			targetProxy = 70F874331938D880008134F9 /* PBXContainerItemProxy */;
		};
/* End PBXTargetDependency section */

/* Begin PBXVariantGroup section */
		70F874161938D880008134F9 /* InfoPlist.strings */ = {
			isa = PBXVariantGroup;
			children = (
				70F874171938D880008134F9 /* en */,
			);
			name = InfoPlist.strings;
			sourceTree = "<group>";
		};
		70F8741F1938D880008134F9 /* Main_iPhone.storyboard */ = {
			isa = PBXVariantGroup;
			children = (
				70F874201938D880008134F9 /* Base */,
			);
			name = Main_iPhone.storyboard;
			sourceTree = "<group>";
		};
		70F874221938D880008134F9 /* Main_iPad.storyboard */ = {
			isa = PBXVariantGroup;
			children = (
				70F874231938D880008134F9 /* Base */,
			);
			name = Main_iPad.storyboard;
			sourceTree = "<group>";
		};
		70F874381938D880008134F9 /* InfoPlist.strings */ = {
			isa = PBXVariantGroup;
			children = (
				70F874391938D880008134F9 /* en */,
			);
			name = InfoPlist.strings;
			sourceTree = "<group>";
		};
/* End PBXVariantGroup section */

/* Begin XCBuildConfiguration section */
		70F8743D1938D880008134F9 /* Debug */ = {
			isa = XCBuildConfiguration;
			buildSettings = {
				ALWAYS_SEARCH_USER_PATHS = NO;
				CLANG_CXX_LANGUAGE_STANDARD = "gnu++0x";
				CLANG_CXX_LIBRARY = "libc++";
				CLANG_ENABLE_MODULES = YES;
				CLANG_ENABLE_OBJC_ARC = YES;
				CLANG_WARN_BOOL_CONVERSION = YES;
				CLANG_WARN_CONSTANT_CONVERSION = YES;
				CLANG_WARN_DIRECT_OBJC_ISA_USAGE = YES_ERROR;
				CLANG_WARN_EMPTY_BODY = YES;
				CLANG_WARN_ENUM_CONVERSION = YES;
				CLANG_WARN_INT_CONVERSION = YES;
				CLANG_WARN_OBJC_ROOT_CLASS = YES_ERROR;
				CLANG_WARN__DUPLICATE_METHOD_MATCH = YES;
				"CODE_SIGN_IDENTITY[sdk=iphoneos*]" = "iPhone Developer";
				COPY_PHASE_STRIP = NO;
				GCC_C_LANGUAGE_STANDARD = gnu99;
				GCC_DYNAMIC_NO_PIC = NO;
				GCC_OPTIMIZATION_LEVEL = 0;
				GCC_PREPROCESSOR_DEFINITIONS = (
					"DEBUG=1",
					"$(inherited)",
				);
				GCC_SYMBOLS_PRIVATE_EXTERN = NO;
				GCC_WARN_64_TO_32_BIT_CONVERSION = YES;
				GCC_WARN_ABOUT_RETURN_TYPE = YES_ERROR;
				GCC_WARN_UNDECLARED_SELECTOR = YES;
				GCC_WARN_UNINITIALIZED_AUTOS = YES_AGGRESSIVE;
				GCC_WARN_UNUSED_FUNCTION = YES;
				GCC_WARN_UNUSED_VARIABLE = YES;
				IPHONEOS_DEPLOYMENT_TARGET = 7.1;
				ONLY_ACTIVE_ARCH = YES;
				SDKROOT = iphoneos;
				TARGETED_DEVICE_FAMILY = "1,2";
			};
			name = Debug;
		};
		70F8743E1938D880008134F9 /* Release */ = {
			isa = XCBuildConfiguration;
			buildSettings = {
				ALWAYS_SEARCH_USER_PATHS = NO;
				CLANG_CXX_LANGUAGE_STANDARD = "gnu++0x";
				CLANG_CXX_LIBRARY = "libc++";
				CLANG_ENABLE_MODULES = YES;
				CLANG_ENABLE_OBJC_ARC = YES;
				CLANG_WARN_BOOL_CONVERSION = YES;
				CLANG_WARN_CONSTANT_CONVERSION = YES;
				CLANG_WARN_DIRECT_OBJC_ISA_USAGE = YES_ERROR;
				CLANG_WARN_EMPTY_BODY = YES;
				CLANG_WARN_ENUM_CONVERSION = YES;
				CLANG_WARN_INT_CONVERSION = YES;
				CLANG_WARN_OBJC_ROOT_CLASS = YES_ERROR;
				CLANG_WARN__DUPLICATE_METHOD_MATCH = YES;
				"CODE_SIGN_IDENTITY[sdk=iphoneos*]" = "iPhone Developer";
				COPY_PHASE_STRIP = YES;
				ENABLE_NS_ASSERTIONS = NO;
				GCC_C_LANGUAGE_STANDARD = gnu99;
				GCC_WARN_64_TO_32_BIT_CONVERSION = YES;
				GCC_WARN_ABOUT_RETURN_TYPE = YES_ERROR;
				GCC_WARN_UNDECLARED_SELECTOR = YES;
				GCC_WARN_UNINITIALIZED_AUTOS = YES_AGGRESSIVE;
				GCC_WARN_UNUSED_FUNCTION = YES;
				GCC_WARN_UNUSED_VARIABLE = YES;
				IPHONEOS_DEPLOYMENT_TARGET = 7.1;
				SDKROOT = iphoneos;
				TARGETED_DEVICE_FAMILY = "1,2";
				VALIDATE_PRODUCT = YES;
			};
			name = Release;
		};
		70F874401938D880008134F9 /* Debug */ = {
			isa = XCBuildConfiguration;
			buildSettings = {
				ASSETCATALOG_COMPILER_APPICON_NAME = AppIcon;
				ASSETCATALOG_COMPILER_LAUNCHIMAGE_NAME = LaunchImage;
				GCC_PRECOMPILE_PREFIX_HEADER = YES;
				GCC_PREFIX_HEADER = "TestLoginScreen1/TestLoginScreen1-Prefix.pch";
				INFOPLIST_FILE = "TestLoginScreen1/TestLoginScreen1-Info.plist";
				PRODUCT_NAME = "$(TARGET_NAME)";
				WRAPPER_EXTENSION = app;
			};
			name = Debug;
		};
		70F874411938D880008134F9 /* Release */ = {
			isa = XCBuildConfiguration;
			buildSettings = {
				ASSETCATALOG_COMPILER_APPICON_NAME = AppIcon;
				ASSETCATALOG_COMPILER_LAUNCHIMAGE_NAME = LaunchImage;
				GCC_PRECOMPILE_PREFIX_HEADER = YES;
				GCC_PREFIX_HEADER = "TestLoginScreen1/TestLoginScreen1-Prefix.pch";
				INFOPLIST_FILE = "TestLoginScreen1/TestLoginScreen1-Info.plist";
				PRODUCT_NAME = "$(TARGET_NAME)";
				WRAPPER_EXTENSION = app;
			};
			name = Release;
		};
		70F874431938D880008134F9 /* Debug */ = {
			isa = XCBuildConfiguration;
			buildSettings = {
				BUNDLE_LOADER = "$(BUILT_PRODUCTS_DIR)/TestLoginScreen1.app/TestLoginScreen1";
				FRAMEWORK_SEARCH_PATHS = (
					"$(SDKROOT)/Developer/Library/Frameworks",
					"$(inherited)",
					"$(DEVELOPER_FRAMEWORKS_DIR)",
				);
				GCC_PRECOMPILE_PREFIX_HEADER = YES;
				GCC_PREFIX_HEADER = "TestLoginScreen1/TestLoginScreen1-Prefix.pch";
				GCC_PREPROCESSOR_DEFINITIONS = (
					"DEBUG=1",
					"$(inherited)",
				);
				INFOPLIST_FILE = "TestLoginScreen1Tests/TestLoginScreen1Tests-Info.plist";
				PRODUCT_NAME = "$(TARGET_NAME)";
				TEST_HOST = "$(BUNDLE_LOADER)";
				WRAPPER_EXTENSION = xctest;
			};
			name = Debug;
		};
		70F874441938D880008134F9 /* Release */ = {
			isa = XCBuildConfiguration;
			buildSettings = {
				BUNDLE_LOADER = "$(BUILT_PRODUCTS_DIR)/TestLoginScreen1.app/TestLoginScreen1";
				FRAMEWORK_SEARCH_PATHS = (
					"$(SDKROOT)/Developer/Library/Frameworks",
					"$(inherited)",
					"$(DEVELOPER_FRAMEWORKS_DIR)",
				);
				GCC_PRECOMPILE_PREFIX_HEADER = YES;
				GCC_PREFIX_HEADER = "TestLoginScreen1/TestLoginScreen1-Prefix.pch";
				INFOPLIST_FILE = "TestLoginScreen1Tests/TestLoginScreen1Tests-Info.plist";
				PRODUCT_NAME = "$(TARGET_NAME)";
				TEST_HOST = "$(BUNDLE_LOADER)";
				WRAPPER_EXTENSION = xctest;
			};
			name = Release;
		};
/* End XCBuildConfiguration section */

/* Begin XCConfigurationList section */
		70F874051938D880008134F9 /* Build configuration list for PBXProject "TestLoginScreen1" */ = {
			isa = XCConfigurationList;
			buildConfigurations = (
				70F8743D1938D880008134F9 /* Debug */,
				70F8743E1938D880008134F9 /* Release */,
			);
			defaultConfigurationIsVisible = 0;
			defaultConfigurationName = Release;
		};
		70F8743F1938D880008134F9 /* Build configuration list for PBXNativeTarget "TestLoginScreen1" */ = {
			isa = XCConfigurationList;
			buildConfigurations = (
				70F874401938D880008134F9 /* Debug */,
				70F874411938D880008134F9 /* Release */,
			);
			defaultConfigurationIsVisible = 0;
			defaultConfigurationName = Release;
		};
		70F874421938D880008134F9 /* Build configuration list for PBXNativeTarget "TestLoginScreen1Tests" */ = {
			isa = XCConfigurationList;
			buildConfigurations = (
				70F874431938D880008134F9 /* Debug */,
				70F874441938D880008134F9 /* Release */,
			);
			defaultConfigurationIsVisible = 0;
			defaultConfigurationName = Release;
		};
/* End XCConfigurationList section */
	};
	rootObject = 70F874021938D880008134F9 /* Project object */;
}
